
Microsoft Visual Studio Solution File, Format Version 11.00
# Visual Studio 2010
Project("{FAE04EC0-301F-11D3-BF4B-00C04F79EFBC}") = "Simplex", "Simplex\Simplex.csproj", "{7F1B75B1-EFF1-4CE5-BC5B-89E993E0482A}"
EndProject
Global
	GlobalSection(SolutionConfigurationPlatforms) = preSolution
		Debug|x86 = Debug|x86
		Release|x86 = Release|x86
	EndGlobalSection
	GlobalSection(ProjectConfigurationPlatforms) = postSolution
		{7F1B75B1-EFF1-4CE5-BC5B-89E993E0482A}.Debug|x86.ActiveCfg = Debug|x86
		{7F1B75B1-EFF1-4CE5-BC5B-89E993E0482A}.Debug|x86.Build.0 = Debug|x86
		{7F1B75B1-EFF1-4CE5-BC5B-89E993E0482A}.Release|x86.ActiveCfg = Release|x86
		{7F1B75B1-EFF1-4CE5-BC5B-89E993E0482A}.Release|x86.Build.0 = Release|x86
	EndGlobalSection
	GlobalSection(SolutionProperties) = preSolution
		HideSolutionNode = FALSE
	EndGlobalSection
EndGlobal
